
Microsoft Visual Studio Solution File, Format Version 12.00
# Visual Studio Version 17
VisualStudioVersion = 17.8.34330.188
MinimumVisualStudioVersion = 10.0.40219.1
Project("{FAE04EC0-301F-11D3-BF4B-00C04F79EFBC}") = "WebApiDisney", "WebApiDisney\WebApiDisney.csproj", "{AF26C9E3-204B-4E1F-AE3D-9939493E80F2}"
EndProject
Global
	GlobalSection(SolutionConfigurationPlatforms) = preSolution
		Debug|Any CPU = Debug|Any CPU
		Release|Any CPU = Release|Any CPU
	EndGlobalSection
	GlobalSection(ProjectConfigurationPlatforms) = postSolution
		{AF26C9E3-204B-4E1F-AE3D-9939493E80F2}.Debug|Any CPU.ActiveCfg = Debug|Any CPU
		{AF26C9E3-204B-4E1F-AE3D-9939493E80F2}.Debug|Any CPU.Build.0 = Debug|Any CPU
		{AF26C9E3-204B-4E1F-AE3D-9939493E80F2}.Release|Any CPU.ActiveCfg = Release|Any CPU
		{AF26C9E3-204B-4E1F-AE3D-9939493E80F2}.Release|Any CPU.Build.0 = Release|Any CPU
	EndGlobalSection
	GlobalSection(SolutionProperties) = preSolution
		HideSolutionNode = FALSE
	EndGlobalSection
	GlobalSection(ExtensibilityGlobals) = postSolution
		SolutionGuid = {BBEE59DF-479A-4F9A-BFA7-29E163BE0A64}
	EndGlobalSection
EndGlobal
